
Microsoft Visual Studio Solution File, Format Version 12.00
# Visual Studio 15
VisualStudioVersion = 15.0.28010.2046
MinimumVisualStudioVersion = 10.0.40219.1
Project("{FAE04EC0-301F-11D3-BF4B-00C04F79EFBC}") = "CAI.Guia0.Ej01_01", "CAI.Guia0.Ej01_01\CAI.Guia0.Ej01_01.csproj", "{73ED9C54-DFFD-4734-AA24-A52165000C57}"
EndProject
Project("{FAE04EC0-301F-11D3-BF4B-00C04F79EFBC}") = "CAI.Guia0.Ej01_02", "CAI.Guia0.Ej01_02\CAI.Guia0.Ej01_02.csproj", "{F7742FC2-6C0E-4D44-B502-455A01254E16}"
EndProject
Project("{FAE04EC0-301F-11D3-BF4B-00C04F79EFBC}") = "CAI.Guia0.Ej02_01", "CAI.Guia0.Ej02_01\CAI.Guia0.Ej02_01.csproj", "{F1AE5D42-7F47-4356-8CF5-D7C90C0E2B94}"
EndProject
Project("{FAE04EC0-301F-11D3-BF4B-00C04F79EFBC}") = "CAI.Guia0.Ej02_02", "CAI.Guia0.Ej02_02\CAI.Guia0.Ej02_02.csproj", "{4423A178-BA10-46C7-B009-55C4785B6248}"
EndProject
Project("{FAE04EC0-301F-11D3-BF4B-00C04F79EFBC}") = "CAI.Guia0.Ej03_01", "CAI.Guia0.Ej03_01\CAI.Guia0.Ej03_01.csproj", "{460B7A8F-B291-49B9-8C24-2EE17CA6D074}"
EndProject
Project("{FAE04EC0-301F-11D3-BF4B-00C04F79EFBC}") = "CAI.Guia0.Ej03_02", "CAI.Guia0.Ej03_02\CAI.Guia0.Ej03_02.csproj", "{805CB2B5-0F07-4D6A-92D3-42513D8509DB}"
EndProject
Project("{FAE04EC0-301F-11D3-BF4B-00C04F79EFBC}") = "CAI.Guia0.Ej03_03", "CAI.Guia0.Ej03_03\CAI.Guia0.Ej03_03.csproj", "{E05AFC19-0B37-45A0-A33F-70712792D8DA}"
EndProject
Project("{FAE04EC0-301F-11D3-BF4B-00C04F79EFBC}") = "CAI.Guia0.Ej03_04", "CAI.Guia0.Ej03_04\CAI.Guia0.Ej03_04.csproj", "{AB4C672F-A379-4074-B861-D9657B517DB4}"
EndProject
Project("{FAE04EC0-301F-11D3-BF4B-00C04F79EFBC}") = "CAI.Guia0.Ej03_05", "CAI.Guia0.Ej03_05\CAI.Guia0.Ej03_05.csproj", "{726C63EC-B67B-4D11-B4B3-74946D9BAD04}"
EndProject
Project("{FAE04EC0-301F-11D3-BF4B-00C04F79EFBC}") = "CAI.Guia0.Ej03_06", "CAI.Guia0.Ej03_06\CAI.Guia0.Ej03_06.csproj", "{50B1A6E7-67EC-4F5A-8605-C684941D265C}"
EndProject
Project("{FAE04EC0-301F-11D3-BF4B-00C04F79EFBC}") = "CAI.Guia0.Ej03_07", "CAI.Guia0.Ej03_07\CAI.Guia0.Ej03_07.csproj", "{5C39D5A0-C8EA-41CE-BE9B-35A65BF3B40F}"
EndProject
Project("{FAE04EC0-301F-11D3-BF4B-00C04F79EFBC}") = "CAI.Guia0.Ej03_08", "CAI.Guia0.Ej03_08\CAI.Guia0.Ej03_08.csproj", "{08319865-E934-44DA-80FC-7B810D3A376C}"
EndProject
Project("{FAE04EC0-301F-11D3-BF4B-00C04F79EFBC}") = "CAI.Guia0.Ej03_09", "CAI.Guia0.Ej03_09\CAI.Guia0.Ej03_09.csproj", "{ED80917A-64F1-4E74-B384-E9ABF0647202}"
EndProject
Project("{FAE04EC0-301F-11D3-BF4B-00C04F79EFBC}") = "CAI.Guia0.Ej03_10", "CAI.Guia0.Ej03_10\CAI.Guia0.Ej03_10.csproj", "{4BA9B4AF-2CDC-476C-ADE5-F198C3E2CB11}"
EndProject
Project("{FAE04EC0-301F-11D3-BF4B-00C04F79EFBC}") = "CAI.Guia0.Ej04_01", "CAI.Guia0.Ej04_01\CAI.Guia0.Ej04_01.csproj", "{55EF56B2-335F-42C0-8D4A-34050110960F}"
EndProject
Project("{2150E333-8FDC-42A3-9474-1A3956D46DE8}") = "Seccion 01", "Seccion 01", "{9B3AC9D0-2EBA-450F-BD6B-121015BAF14E}"
EndProject
Project("{2150E333-8FDC-42A3-9474-1A3956D46DE8}") = "Seccion 02", "Seccion 02", "{C3CDC2AA-DC4B-42A7-8EAB-2113A6BB8915}"
EndProject
Project("{2150E333-8FDC-42A3-9474-1A3956D46DE8}") = "Seccion 03", "Seccion 03", "{23B5E9B5-46B7-4212-90BE-6D0B35C39D74}"
EndProject
Project("{2150E333-8FDC-42A3-9474-1A3956D46DE8}") = "Seccion 04", "Seccion 04", "{2A7274F9-FD46-4A02-9D80-8BE1A0F9670C}"
EndProject
Project("{FAE04EC0-301F-11D3-BF4B-00C04F79EFBC}") = "CAI.Guia0.Ej04_02", "CAI.Guia0.Ej04_02\CAI.Guia0.Ej04_02.csproj", "{EE57B706-6752-4D3A-8940-C97577E12E1C}"
EndProject
Project("{FAE04EC0-301F-11D3-BF4B-00C04F79EFBC}") = "CAI.Guia0.Ej04_03", "CAI.Guia0.Ej04_03\CAI.Guia0.Ej04_03.csproj", "{D3856B87-6EC3-48CD-9CDB-761DFAB9C555}"
EndProject
Project("{FAE04EC0-301F-11D3-BF4B-00C04F79EFBC}") = "CAI.Guia0.Ej04_04", "CAI.Guia0.Ej04_04\CAI.Guia0.Ej04_04.csproj", "{D24B1179-76ED-42BE-BED2-ACD61061B90E}"
EndProject
Global
	GlobalSection(SolutionConfigurationPlatforms) = preSolution
		Debug|Any CPU = Debug|Any CPU
		Release|Any CPU = Release|Any CPU
	EndGlobalSection
	GlobalSection(ProjectConfigurationPlatforms) = postSolution
		{73ED9C54-DFFD-4734-AA24-A52165000C57}.Debug|Any CPU.ActiveCfg = Debug|Any CPU
		{73ED9C54-DFFD-4734-AA24-A52165000C57}.Debug|Any CPU.Build.0 = Debug|Any CPU
		{73ED9C54-DFFD-4734-AA24-A52165000C57}.Release|Any CPU.ActiveCfg = Release|Any CPU
		{73ED9C54-DFFD-4734-AA24-A52165000C57}.Release|Any CPU.Build.0 = Release|Any CPU
		{F7742FC2-6C0E-4D44-B502-455A01254E16}.Debug|Any CPU.ActiveCfg = Debug|Any CPU
		{F7742FC2-6C0E-4D44-B502-455A01254E16}.Debug|Any CPU.Build.0 = Debug|Any CPU
		{F7742FC2-6C0E-4D44-B502-455A01254E16}.Release|Any CPU.ActiveCfg = Release|Any CPU
		{F7742FC2-6C0E-4D44-B502-455A01254E16}.Release|Any CPU.Build.0 = Release|Any CPU
		{F1AE5D42-7F47-4356-8CF5-D7C90C0E2B94}.Debug|Any CPU.ActiveCfg = Debug|Any CPU
		{F1AE5D42-7F47-4356-8CF5-D7C90C0E2B94}.Debug|Any CPU.Build.0 = Debug|Any CPU
		{F1AE5D42-7F47-4356-8CF5-D7C90C0E2B94}.Release|Any CPU.ActiveCfg = Release|Any CPU
		{F1AE5D42-7F47-4356-8CF5-D7C90C0E2B94}.Release|Any CPU.Build.0 = Release|Any CPU
		{4423A178-BA10-46C7-B009-55C4785B6248}.Debug|Any CPU.ActiveCfg = Debug|Any CPU
		{4423A178-BA10-46C7-B009-55C4785B6248}.Debug|Any CPU.Build.0 = Debug|Any CPU
		{4423A178-BA10-46C7-B009-55C4785B6248}.Release|Any CPU.ActiveCfg = Release|Any CPU
		{4423A178-BA10-46C7-B009-55C4785B6248}.Release|Any CPU.Build.0 = Release|Any CPU
		{460B7A8F-B291-49B9-8C24-2EE17CA6D074}.Debug|Any CPU.ActiveCfg = Debug|Any CPU
		{460B7A8F-B291-49B9-8C24-2EE17CA6D074}.Debug|Any CPU.Build.0 = Debug|Any CPU
		{460B7A8F-B291-49B9-8C24-2EE17CA6D074}.Release|Any CPU.ActiveCfg = Release|Any CPU
		{460B7A8F-B291-49B9-8C24-2EE17CA6D074}.Release|Any CPU.Build.0 = Release|Any CPU
		{805CB2B5-0F07-4D6A-92D3-42513D8509DB}.Debug|Any CPU.ActiveCfg = Debug|Any CPU
		{805CB2B5-0F07-4D6A-92D3-42513D8509DB}.Debug|Any CPU.Build.0 = Debug|Any CPU
		{805CB2B5-0F07-4D6A-92D3-42513D8509DB}.Release|Any CPU.ActiveCfg = Release|Any CPU
		{805CB2B5-0F07-4D6A-92D3-42513D8509DB}.Release|Any CPU.Build.0 = Release|Any CPU
		{E05AFC19-0B37-45A0-A33F-70712792D8DA}.Debug|Any CPU.ActiveCfg = Debug|Any CPU
		{E05AFC19-0B37-45A0-A33F-70712792D8DA}.Debug|Any CPU.Build.0 = Debug|Any CPU
		{E05AFC19-0B37-45A0-A33F-70712792D8DA}.Release|Any CPU.ActiveCfg = Release|Any CPU
		{E05AFC19-0B37-45A0-A33F-70712792D8DA}.Release|Any CPU.Build.0 = Release|Any CPU
		{AB4C672F-A379-4074-B861-D9657B517DB4}.Debug|Any CPU.ActiveCfg = Debug|Any CPU
		{AB4C672F-A379-4074-B861-D9657B517DB4}.Debug|Any CPU.Build.0 = Debug|Any CPU
		{AB4C672F-A379-4074-B861-D9657B517DB4}.Release|Any CPU.ActiveCfg = Release|Any CPU
		{AB4C672F-A379-4074-B861-D9657B517DB4}.Release|Any CPU.Build.0 = Release|Any CPU
		{726C63EC-B67B-4D11-B4B3-74946D9BAD04}.Debug|Any CPU.ActiveCfg = Debug|Any CPU
		{726C63EC-B67B-4D11-B4B3-74946D9BAD04}.Debug|Any CPU.Build.0 = Debug|Any CPU
		{726C63EC-B67B-4D11-B4B3-74946D9BAD04}.Release|Any CPU.ActiveCfg = Release|Any CPU
		{726C63EC-B67B-4D11-B4B3-74946D9BAD04}.Release|Any CPU.Build.0 = Release|Any CPU
		{50B1A6E7-67EC-4F5A-8605-C684941D265C}.Debug|Any CPU.ActiveCfg = Debug|Any CPU
		{50B1A6E7-67EC-4F5A-8605-C684941D265C}.Debug|Any CPU.Build.0 = Debug|Any CPU
		{50B1A6E7-67EC-4F5A-8605-C684941D265C}.Release|Any CPU.ActiveCfg = Release|Any CPU
		{50B1A6E7-67EC-4F5A-8605-C684941D265C}.Release|Any CPU.Build.0 = Release|Any CPU
		{5C39D5A0-C8EA-41CE-BE9B-35A65BF3B40F}.Debug|Any CPU.ActiveCfg = Debug|Any CPU
		{5C39D5A0-C8EA-41CE-BE9B-35A65BF3B40F}.Debug|Any CPU.Build.0 = Debug|Any CPU
		{5C39D5A0-C8EA-41CE-BE9B-35A65BF3B40F}.Release|Any CPU.ActiveCfg = Release|Any CPU
		{5C39D5A0-C8EA-41CE-BE9B-35A65BF3B40F}.Release|Any CPU.Build.0 = Release|Any CPU
		{08319865-E934-44DA-80FC-7B810D3A376C}.Debug|Any CPU.ActiveCfg = Debug|Any CPU
		{08319865-E934-44DA-80FC-7B810D3A376C}.Debug|Any CPU.Build.0 = Debug|Any CPU
		{08319865-E934-44DA-80FC-7B810D3A376C}.Release|Any CPU.ActiveCfg = Release|Any CPU
		{08319865-E934-44DA-80FC-7B810D3A376C}.Release|Any CPU.Build.0 = Release|Any CPU
		{ED80917A-64F1-4E74-B384-E9ABF0647202}.Debug|Any CPU.ActiveCfg = Debug|Any CPU
		{ED80917A-64F1-4E74-B384-E9ABF0647202}.Debug|Any CPU.Build.0 = Debug|Any CPU
		{ED80917A-64F1-4E74-B384-E9ABF0647202}.Release|Any CPU.ActiveCfg = Release|Any CPU
		{ED80917A-64F1-4E74-B384-E9ABF0647202}.Release|Any CPU.Build.0 = Release|Any CPU
		{4BA9B4AF-2CDC-476C-ADE5-F198C3E2CB11}.Debug|Any CPU.ActiveCfg = Debug|Any CPU
		{4BA9B4AF-2CDC-476C-ADE5-F198C3E2CB11}.Debug|Any CPU.Build.0 = Debug|Any CPU
		{4BA9B4AF-2CDC-476C-ADE5-F198C3E2CB11}.Release|Any CPU.ActiveCfg = Release|Any CPU
		{4BA9B4AF-2CDC-476C-ADE5-F198C3E2CB11}.Release|Any CPU.Build.0 = Release|Any CPU
		{55EF56B2-335F-42C0-8D4A-34050110960F}.Debug|Any CPU.ActiveCfg = Debug|Any CPU
		{55EF56B2-335F-42C0-8D4A-34050110960F}.Debug|Any CPU.Build.0 = Debug|Any CPU
		{55EF56B2-335F-42C0-8D4A-34050110960F}.Release|Any CPU.ActiveCfg = Release|Any CPU
		{55EF56B2-335F-42C0-8D4A-34050110960F}.Release|Any CPU.Build.0 = Release|Any CPU
		{EE57B706-6752-4D3A-8940-C97577E12E1C}.Debug|Any CPU.ActiveCfg = Debug|Any CPU
		{EE57B706-6752-4D3A-8940-C97577E12E1C}.Debug|Any CPU.Build.0 = Debug|Any CPU
		{EE57B706-6752-4D3A-8940-C97577E12E1C}.Release|Any CPU.ActiveCfg = Release|Any CPU
		{EE57B706-6752-4D3A-8940-C97577E12E1C}.Release|Any CPU.Build.0 = Release|Any CPU
		{D3856B87-6EC3-48CD-9CDB-761DFAB9C555}.Debug|Any CPU.ActiveCfg = Debug|Any CPU
		{D3856B87-6EC3-48CD-9CDB-761DFAB9C555}.Debug|Any CPU.Build.0 = Debug|Any CPU
		{D3856B87-6EC3-48CD-9CDB-761DFAB9C555}.Release|Any CPU.ActiveCfg = Release|Any CPU
		{D3856B87-6EC3-48CD-9CDB-761DFAB9C555}.Release|Any CPU.Build.0 = Release|Any CPU
		{D24B1179-76ED-42BE-BED2-ACD61061B90E}.Debug|Any CPU.ActiveCfg = Debug|Any CPU
		{D24B1179-76ED-42BE-BED2-ACD61061B90E}.Debug|Any CPU.Build.0 = Debug|Any CPU
		{D24B1179-76ED-42BE-BED2-ACD61061B90E}.Release|Any CPU.ActiveCfg = Release|Any CPU
		{D24B1179-76ED-42BE-BED2-ACD61061B90E}.Release|Any CPU.Build.0 = Release|Any CPU
	EndGlobalSection
	GlobalSection(SolutionProperties) = preSolution
		HideSolutionNode = FALSE
	EndGlobalSection
	GlobalSection(NestedProjects) = preSolution
		{73ED9C54-DFFD-4734-AA24-A52165000C57} = {9B3AC9D0-2EBA-450F-BD6B-121015BAF14E}
		{F7742FC2-6C0E-4D44-B502-455A01254E16} = {9B3AC9D0-2EBA-450F-BD6B-121015BAF14E}
		{F1AE5D42-7F47-4356-8CF5-D7C90C0E2B94} = {C3CDC2AA-DC4B-42A7-8EAB-2113A6BB8915}
		{4423A178-BA10-46C7-B009-55C4785B6248} = {C3CDC2AA-DC4B-42A7-8EAB-2113A6BB8915}
		{460B7A8F-B291-49B9-8C24-2EE17CA6D074} = {23B5E9B5-46B7-4212-90BE-6D0B35C39D74}
		{805CB2B5-0F07-4D6A-92D3-42513D8509DB} = {23B5E9B5-46B7-4212-90BE-6D0B35C39D74}
		{E05AFC19-0B37-45A0-A33F-70712792D8DA} = {23B5E9B5-46B7-4212-90BE-6D0B35C39D74}
		{AB4C672F-A379-4074-B861-D9657B517DB4} = {23B5E9B5-46B7-4212-90BE-6D0B35C39D74}
		{726C63EC-B67B-4D11-B4B3-74946D9BAD04} = {23B5E9B5-46B7-4212-90BE-6D0B35C39D74}
		{50B1A6E7-67EC-4F5A-8605-C684941D265C} = {23B5E9B5-46B7-4212-90BE-6D0B35C39D74}
		{5C39D5A0-C8EA-41CE-BE9B-35A65BF3B40F} = {23B5E9B5-46B7-4212-90BE-6D0B35C39D74}
		{08319865-E934-44DA-80FC-7B810D3A376C} = {23B5E9B5-46B7-4212-90BE-6D0B35C39D74}
		{ED80917A-64F1-4E74-B384-E9ABF0647202} = {23B5E9B5-46B7-4212-90BE-6D0B35C39D74}
		{4BA9B4AF-2CDC-476C-ADE5-F198C3E2CB11} = {23B5E9B5-46B7-4212-90BE-6D0B35C39D74}
		{55EF56B2-335F-42C0-8D4A-34050110960F} = {2A7274F9-FD46-4A02-9D80-8BE1A0F9670C}
		{EE57B706-6752-4D3A-8940-C97577E12E1C} = {2A7274F9-FD46-4A02-9D80-8BE1A0F9670C}
		{D3856B87-6EC3-48CD-9CDB-761DFAB9C555} = {2A7274F9-FD46-4A02-9D80-8BE1A0F9670C}
		{D24B1179-76ED-42BE-BED2-ACD61061B90E} = {2A7274F9-FD46-4A02-9D80-8BE1A0F9670C}
	EndGlobalSection
	GlobalSection(ExtensibilityGlobals) = postSolution
		SolutionGuid = {E52ACBB4-71C6-4BC4-9A4F-E5D73247A21D}
	EndGlobalSection
EndGlobal
